
Microsoft Visual Studio Solution File, Format Version 12.00
# Visual Studio 15
VisualStudioVersion = 15.0.27004.2009
MinimumVisualStudioVersion = 10.0.40219.1
Project("{FAE04EC0-301F-11D3-BF4B-00C04F79EFBC}") = "standard.api", "standard.api\standard.api.csproj", "{A9FE26C9-B167-4B35-98D5-84E91E03579D}"
EndProject
Global
	GlobalSection(SolutionConfigurationPlatforms) = preSolution
		Debug|Any CPU = Debug|Any CPU
		Release|Any CPU = Release|Any CPU
	EndGlobalSection
	GlobalSection(ProjectConfigurationPlatforms) = postSolution
		{A9FE26C9-B167-4B35-98D5-84E91E03579D}.Debug|Any CPU.ActiveCfg = Debug|Any CPU
		{A9FE26C9-B167-4B35-98D5-84E91E03579D}.Debug|Any CPU.Build.0 = Debug|Any CPU
		{A9FE26C9-B167-4B35-98D5-84E91E03579D}.Release|Any CPU.ActiveCfg = Release|Any CPU
		{A9FE26C9-B167-4B35-98D5-84E91E03579D}.Release|Any CPU.Build.0 = Release|Any CPU
	EndGlobalSection
	GlobalSection(SolutionProperties) = preSolution
		HideSolutionNode = FALSE
	EndGlobalSection
	GlobalSection(ExtensibilityGlobals) = postSolution
		SolutionGuid = {6CC7768E-C213-41E6-A843-F50424700C7D}
	EndGlobalSection
EndGlobal
